// !$*UTF8*$!
{
	archiveVersion = 1;
	classes = {
	};
	objectVersion = 55;
	objects = {

/* Begin PBXBuildFile section */
		0B9938886837CEAEDCC0C389 /* Pods_Todoey.framework in Frameworks */ = {isa = PBXBuildFile; fileRef = 36C506B5D713630D745A22BF /* Pods_Todoey.framework */; };
		AF2B77F427F9E6EB004B6180 /* SwipeTableViewController.swift in Sources */ = {isa = PBXBuildFile; fileRef = AF2B77F327F9E6EB004B6180 /* SwipeTableViewController.swift */; };
		AF8FD09B27F1CE8900E094EA /* AppDelegate.swift in Sources */ = {isa = PBXBuildFile; fileRef = AF8FD09A27F1CE8900E094EA /* AppDelegate.swift */; };
		AF8FD09D27F1CE8900E094EA /* SceneDelegate.swift in Sources */ = {isa = PBXBuildFile; fileRef = AF8FD09C27F1CE8900E094EA /* SceneDelegate.swift */; };
		AF8FD09F27F1CE8900E094EA /* TodoListViewController.swift in Sources */ = {isa = PBXBuildFile; fileRef = AF8FD09E27F1CE8900E094EA /* TodoListViewController.swift */; };
		AF8FD0A227F1CE8900E094EA /* Main.storyboard in Resources */ = {isa = PBXBuildFile; fileRef = AF8FD0A027F1CE8900E094EA /* Main.storyboard */; };
		AF8FD0A427F1CE8A00E094EA /* Assets.xcassets in Resources */ = {isa = PBXBuildFile; fileRef = AF8FD0A327F1CE8A00E094EA /* Assets.xcassets */; };
		AF8FD0A727F1CE8A00E094EA /* LaunchScreen.storyboard in Resources */ = {isa = PBXBuildFile; fileRef = AF8FD0A527F1CE8A00E094EA /* LaunchScreen.storyboard */; };
		AF97CA6B27F5C2DA0098FA92 /* CategoryViewController.swift in Sources */ = {isa = PBXBuildFile; fileRef = AF97CA6A27F5C2DA0098FA92 /* CategoryViewController.swift */; };
		AF97CA8127F712490098FA92 /* Item.swift in Sources */ = {isa = PBXBuildFile; fileRef = AF97CA8027F712490098FA92 /* Item.swift */; };
		AF97CA8327F712670098FA92 /* Category.swift in Sources */ = {isa = PBXBuildFile; fileRef = AF97CA8227F712670098FA92 /* Category.swift */; };
/* End PBXBuildFile section */

/* Begin PBXFileReference section */
		2A379542A8E3F36E05C43332 /* Pods-Todoey.release.xcconfig */ = {isa = PBXFileReference; includeInIndex = 1; lastKnownFileType = text.xcconfig; name = "Pods-Todoey.release.xcconfig"; path = "Target Support Files/Pods-Todoey/Pods-Todoey.release.xcconfig"; sourceTree = "<group>"; };
		36C506B5D713630D745A22BF /* Pods_Todoey.framework */ = {isa = PBXFileReference; explicitFileType = wrapper.framework; includeInIndex = 0; path = Pods_Todoey.framework; sourceTree = BUILT_PRODUCTS_DIR; };
		AF2B77F327F9E6EB004B6180 /* SwipeTableViewController.swift */ = {isa = PBXFileReference; lastKnownFileType = sourcecode.swift; path = SwipeTableViewController.swift; sourceTree = "<group>"; };
		AF8FD09727F1CE8900E094EA /* Todoey.app */ = {isa = PBXFileReference; explicitFileType = wrapper.application; includeInIndex = 0; path = Todoey.app; sourceTree = BUILT_PRODUCTS_DIR; };
		AF8FD09A27F1CE8900E094EA /* AppDelegate.swift */ = {isa = PBXFileReference; lastKnownFileType = sourcecode.swift; path = AppDelegate.swift; sourceTree = "<group>"; };
		AF8FD09C27F1CE8900E094EA /* SceneDelegate.swift */ = {isa = PBXFileReference; lastKnownFileType = sourcecode.swift; path = SceneDelegate.swift; sourceTree = "<group>"; };
		AF8FD09E27F1CE8900E094EA /* TodoListViewController.swift */ = {isa = PBXFileReference; lastKnownFileType = sourcecode.swift; path = TodoListViewController.swift; sourceTree = "<group>"; };
		AF8FD0A127F1CE8900E094EA /* Base */ = {isa = PBXFileReference; lastKnownFileType = file.storyboard; name = Base; path = Base.lproj/Main.storyboard; sourceTree = "<group>"; };
		AF8FD0A327F1CE8A00E094EA /* Assets.xcassets */ = {isa = PBXFileReference; lastKnownFileType = folder.assetcatalog; path = Assets.xcassets; sourceTree = "<group>"; };
		AF8FD0A627F1CE8A00E094EA /* Base */ = {isa = PBXFileReference; lastKnownFileType = file.storyboard; name = Base; path = Base.lproj/LaunchScreen.storyboard; sourceTree = "<group>"; };
		AF8FD0A827F1CE8A00E094EA /* Info.plist */ = {isa = PBXFileReference; lastKnownFileType = text.plist.xml; path = Info.plist; sourceTree = "<group>"; };
		AF97CA6A27F5C2DA0098FA92 /* CategoryViewController.swift */ = {isa = PBXFileReference; lastKnownFileType = sourcecode.swift; path = CategoryViewController.swift; sourceTree = "<group>"; };
		AF97CA8027F712490098FA92 /* Item.swift */ = {isa = PBXFileReference; lastKnownFileType = sourcecode.swift; path = Item.swift; sourceTree = "<group>"; };
		AF97CA8227F712670098FA92 /* Category.swift */ = {isa = PBXFileReference; lastKnownFileType = sourcecode.swift; path = Category.swift; sourceTree = "<group>"; };
		EF759B34FF91E8475346E0E9 /* Pods-Todoey.debug.xcconfig */ = {isa = PBXFileReference; includeInIndex = 1; lastKnownFileType = text.xcconfig; name = "Pods-Todoey.debug.xcconfig"; path = "Target Support Files/Pods-Todoey/Pods-Todoey.debug.xcconfig"; sourceTree = "<group>"; };
/* End PBXFileReference section */

/* Begin PBXFrameworksBuildPhase section */
		AF8FD09427F1CE8900E094EA /* Frameworks */ = {
			isa = PBXFrameworksBuildPhase;
			buildActionMask = 2147483647;
			files = (
				0B9938886837CEAEDCC0C389 /* Pods_Todoey.framework in Frameworks */,
			);
			runOnlyForDeploymentPostprocessing = 0;
		};
/* End PBXFrameworksBuildPhase section */

/* Begin PBXGroup section */
		9609F4EB4224188D09105EE8 /* Pods */ = {
			isa = PBXGroup;
			children = (
				EF759B34FF91E8475346E0E9 /* Pods-Todoey.debug.xcconfig */,
				2A379542A8E3F36E05C43332 /* Pods-Todoey.release.xcconfig */,
			);
			path = Pods;
			sourceTree = "<group>";
		};
		AF8FD08E27F1CE8900E094EA = {
			isa = PBXGroup;
			children = (
				AF8FD09927F1CE8900E094EA /* Todoey */,
				AF8FD09827F1CE8900E094EA /* Products */,
				9609F4EB4224188D09105EE8 /* Pods */,
				FDE912440D61FA30C649D01E /* Frameworks */,
			);
			sourceTree = "<group>";
		};
		AF8FD09827F1CE8900E094EA /* Products */ = {
			isa = PBXGroup;
			children = (
				AF8FD09727F1CE8900E094EA /* Todoey.app */,
			);
			name = Products;
			sourceTree = "<group>";
		};
		AF8FD09927F1CE8900E094EA /* Todoey */ = {
			isa = PBXGroup;
			children = (
				AF8FD09A27F1CE8900E094EA /* AppDelegate.swift */,
				AF8FD09C27F1CE8900E094EA /* SceneDelegate.swift */,
				AF8FD0B327F1FAB600E094EA /* Models */,
				AF8FD0B027F1FA9300E094EA /* Controllers */,
				AF8FD0AF27F1FA8900E094EA /* Views */,
				AF8FD0AE27F1FA7700E094EA /* SupportingFiles */,
				AF8FD0A827F1CE8A00E094EA /* Info.plist */,
			);
			path = Todoey;
			sourceTree = "<group>";
		};
		AF8FD0AE27F1FA7700E094EA /* SupportingFiles */ = {
			isa = PBXGroup;
			children = (
				AF8FD0A327F1CE8A00E094EA /* Assets.xcassets */,
				AF8FD0A527F1CE8A00E094EA /* LaunchScreen.storyboard */,
			);
			path = SupportingFiles;
			sourceTree = "<group>";
		};
		AF8FD0AF27F1FA8900E094EA /* Views */ = {
			isa = PBXGroup;
			children = (
				AF8FD0A027F1CE8900E094EA /* Main.storyboard */,
			);
			path = Views;
			sourceTree = "<group>";
		};
		AF8FD0B027F1FA9300E094EA /* Controllers */ = {
			isa = PBXGroup;
			children = (
				AF8FD09E27F1CE8900E094EA /* TodoListViewController.swift */,
				AF97CA6A27F5C2DA0098FA92 /* CategoryViewController.swift */,
				AF2B77F327F9E6EB004B6180 /* SwipeTableViewController.swift */,
			);
			path = Controllers;
			sourceTree = "<group>";
		};
		AF8FD0B327F1FAB600E094EA /* Models */ = {
			isa = PBXGroup;
			children = (
				AF97CA8027F712490098FA92 /* Item.swift */,
				AF97CA8227F712670098FA92 /* Category.swift */,
			);
			path = Models;
			sourceTree = "<group>";
		};
		FDE912440D61FA30C649D01E /* Frameworks */ = {
			isa = PBXGroup;
			children = (
				36C506B5D713630D745A22BF /* Pods_Todoey.framework */,
			);
			name = Frameworks;
			sourceTree = "<group>";
		};
/* End PBXGroup section */

/* Begin PBXNativeTarget section */
		AF8FD09627F1CE8900E094EA /* Todoey */ = {
			isa = PBXNativeTarget;
			buildConfigurationList = AF8FD0AB27F1CE8A00E094EA /* Build configuration list for PBXNativeTarget "Todoey" */;
			buildPhases = (
				6EF5534864F51DC0308A03F0 /* [CP] Check Pods Manifest.lock */,
				AF8FD09327F1CE8900E094EA /* Sources */,
				AF8FD09427F1CE8900E094EA /* Frameworks */,
				AF8FD09527F1CE8900E094EA /* Resources */,
				EB2975FA6EA845248D9BA487 /* [CP] Embed Pods Frameworks */,
			);
			buildRules = (
			);
			dependencies = (
			);
			name = Todoey;
			productName = Todoey;
			productReference = AF8FD09727F1CE8900E094EA /* Todoey.app */;
			productType = "com.apple.product-type.application";
		};
/* End PBXNativeTarget section */

/* Begin PBXProject section */
		AF8FD08F27F1CE8900E094EA /* Project object */ = {
			isa = PBXProject;
			attributes = {
				BuildIndependentTargetsInParallel = 1;
				LastSwiftUpdateCheck = 1300;
				LastUpgradeCheck = 1300;
				TargetAttributes = {
					AF8FD09627F1CE8900E094EA = {
						CreatedOnToolsVersion = 13.0;
					};
				};
			};
			buildConfigurationList = AF8FD09227F1CE8900E094EA /* Build configuration list for PBXProject "Todoey" */;
			compatibilityVersion = "Xcode 13.0";
			developmentRegion = en;
			hasScannedForEncodings = 0;
			knownRegions = (
				en,
				Base,
			);
			mainGroup = AF8FD08E27F1CE8900E094EA;
			productRefGroup = AF8FD09827F1CE8900E094EA /* Products */;
			projectDirPath = "";
			projectRoot = "";
			targets = (
				AF8FD09627F1CE8900E094EA /* Todoey */,
			);
		};
/* End PBXProject section */

/* Begin PBXResourcesBuildPhase section */
		AF8FD09527F1CE8900E094EA /* Resources */ = {
			isa = PBXResourcesBuildPhase;
			buildActionMask = 2147483647;
			files = (
				AF8FD0A727F1CE8A00E094EA /* LaunchScreen.storyboard in Resources */,
				AF8FD0A427F1CE8A00E094EA /* Assets.xcassets in Resources */,
				AF8FD0A227F1CE8900E094EA /* Main.storyboard in Resources */,
			);
			runOnlyForDeploymentPostprocessing = 0;
		};
/* End PBXResourcesBuildPhase section */

/* Begin PBXShellScriptBuildPhase section */
		6EF5534864F51DC0308A03F0 /* [CP] Check Pods Manifest.lock */ = {
			isa = PBXShellScriptBuildPhase;
			buildActionMask = 2147483647;
			files = (
			);
			inputFileListPaths = (
			);
			inputPaths = (
				"${PODS_PODFILE_DIR_PATH}/Podfile.lock",
				"${PODS_ROOT}/Manifest.lock",
			);
			name = "[CP] Check Pods Manifest.lock";
			outputFileListPaths = (
			);
			outputPaths = (
				"$(DERIVED_FILE_DIR)/Pods-Todoey-checkManifestLockResult.txt",
			);
			runOnlyForDeploymentPostprocessing = 0;
			shellPath = /bin/sh;
			shellScript = "diff \"${PODS_PODFILE_DIR_PATH}/Podfile.lock\" \"${PODS_ROOT}/Manifest.lock\" > /dev/null\nif [ $? != 0 ] ; then\n    # print error to STDERR\n    echo \"error: The sandbox is not in sync with the Podfile.lock. Run 'pod install' or update your CocoaPods installation.\" >&2\n    exit 1\nfi\n# This output is used by Xcode 'outputs' to avoid re-running this script phase.\necho \"SUCCESS\" > \"${SCRIPT_OUTPUT_FILE_0}\"\n";
			showEnvVarsInLog = 0;
		};
		EB2975FA6EA845248D9BA487 /* [CP] Embed Pods Frameworks */ = {
			isa = PBXShellScriptBuildPhase;
			buildActionMask = 2147483647;
			files = (
			);
			inputFileListPaths = (
				"${PODS_ROOT}/Target Support Files/Pods-Todoey/Pods-Todoey-frameworks-${CONFIGURATION}-input-files.xcfilelist",
			);
			name = "[CP] Embed Pods Frameworks";
			outputFileListPaths = (
				"${PODS_ROOT}/Target Support Files/Pods-Todoey/Pods-Todoey-frameworks-${CONFIGURATION}-output-files.xcfilelist",
			);
			runOnlyForDeploymentPostprocessing = 0;
			shellPath = /bin/sh;
			shellScript = "\"${PODS_ROOT}/Target Support Files/Pods-Todoey/Pods-Todoey-frameworks.sh\"\n";
			showEnvVarsInLog = 0;
		};
/* End PBXShellScriptBuildPhase section */

/* Begin PBXSourcesBuildPhase section */
		AF8FD09327F1CE8900E094EA /* Sources */ = {
			isa = PBXSourcesBuildPhase;
			buildActionMask = 2147483647;
			files = (
				AF97CA6B27F5C2DA0098FA92 /* CategoryViewController.swift in Sources */,
				AF8FD09F27F1CE8900E094EA /* TodoListViewController.swift in Sources */,
				AF8FD09B27F1CE8900E094EA /* AppDelegate.swift in Sources */,
				AF2B77F427F9E6EB004B6180 /* SwipeTableViewController.swift in Sources */,
				AF8FD09D27F1CE8900E094EA /* SceneDelegate.swift in Sources */,
				AF97CA8127F712490098FA92 /* Item.swift in Sources */,
				AF97CA8327F712670098FA92 /* Category.swift in Sources */,
			);
			runOnlyForDeploymentPostprocessing = 0;
		};
/* End PBXSourcesBuildPhase section */

/* Begin PBXVariantGroup section */
		AF8FD0A027F1CE8900E094EA /* Main.storyboard */ = {
			isa = PBXVariantGroup;
			children = (
				AF8FD0A127F1CE8900E094EA /* Base */,
			);
			name = Main.storyboard;
			sourceTree = "<group>";
		};
		AF8FD0A527F1CE8A00E094EA /* LaunchScreen.storyboard */ = {
			isa = PBXVariantGroup;
			children = (
				AF8FD0A627F1CE8A00E094EA /* Base */,
			);
			name = LaunchScreen.storyboard;
			sourceTree = "<group>";
		};
/* End PBXVariantGroup section */

/* Begin XCBuildConfiguration section */
		AF8FD0A927F1CE8A00E094EA /* Debug */ = {
			isa = XCBuildConfiguration;
			buildSettings = {
				ALWAYS_SEARCH_USER_PATHS = NO;
				CLANG_ANALYZER_NONNULL = YES;
				CLANG_ANALYZER_NUMBER_OBJECT_CONVERSION = YES_AGGRESSIVE;
				CLANG_CXX_LANGUAGE_STANDARD = "gnu++17";
				CLANG_CXX_LIBRARY = "libc++";
				CLANG_ENABLE_MODULES = YES;
				CLANG_ENABLE_OBJC_ARC = YES;
				CLANG_ENABLE_OBJC_WEAK = YES;
				CLANG_WARN_BLOCK_CAPTURE_AUTORELEASING = YES;
				CLANG_WARN_BOOL_CONVERSION = YES;
				CLANG_WARN_COMMA = YES;
				CLANG_WARN_CONSTANT_CONVERSION = YES;
				CLANG_WARN_DEPRECATED_OBJC_IMPLEMENTATIONS = YES;
				CLANG_WARN_DIRECT_OBJC_ISA_USAGE = YES_ERROR;
				CLANG_WARN_DOCUMENTATION_COMMENTS = YES;
				CLANG_WARN_EMPTY_BODY = YES;
				CLANG_WARN_ENUM_CONVERSION = YES;
				CLANG_WARN_INFINITE_RECURSION = YES;
				CLANG_WARN_INT_CONVERSION = YES;
				CLANG_WARN_NON_LITERAL_NULL_CONVERSION = YES;
				CLANG_WARN_OBJC_IMPLICIT_RETAIN_SELF = YES;
				CLANG_WARN_OBJC_LITERAL_CONVERSION = YES;
				CLANG_WARN_OBJC_ROOT_CLASS = YES_ERROR;
				CLANG_WARN_QUOTED_INCLUDE_IN_FRAMEWORK_HEADER = YES;
				CLANG_WARN_RANGE_LOOP_ANALYSIS = YES;
				CLANG_WARN_STRICT_PROTOTYPES = YES;
				CLANG_WARN_SUSPICIOUS_MOVE = YES;
				CLANG_WARN_UNGUARDED_AVAILABILITY = YES_AGGRESSIVE;
				CLANG_WARN_UNREACHABLE_CODE = YES;
				CLANG_WARN__DUPLICATE_METHOD_MATCH = YES;
				COPY_PHASE_STRIP = NO;
				DEBUG_INFORMATION_FORMAT = dwarf;
				ENABLE_STRICT_OBJC_MSGSEND = YES;
				ENABLE_TESTABILITY = YES;
				GCC_C_LANGUAGE_STANDARD = gnu11;
				GCC_DYNAMIC_NO_PIC = NO;
				GCC_NO_COMMON_BLOCKS = YES;
				GCC_OPTIMIZATION_LEVEL = 0;
				GCC_PREPROCESSOR_DEFINITIONS = (
					"DEBUG=1",
					"$(inherited)",
				);
				GCC_WARN_64_TO_32_BIT_CONVERSION = YES;
				GCC_WARN_ABOUT_RETURN_TYPE = YES_ERROR;
				GCC_WARN_UNDECLARED_SELECTOR = YES;
				GCC_WARN_UNINITIALIZED_AUTOS = YES_AGGRESSIVE;
				GCC_WARN_UNUSED_FUNCTION = YES;
				GCC_WARN_UNUSED_VARIABLE = YES;
				IPHONEOS_DEPLOYMENT_TARGET = 15.0;
				MTL_ENABLE_DEBUG_INFO = INCLUDE_SOURCE;
				MTL_FAST_MATH = YES;
				ONLY_ACTIVE_ARCH = YES;
				SDKROOT = iphoneos;
				SWIFT_ACTIVE_COMPILATION_CONDITIONS = DEBUG;
				SWIFT_OPTIMIZATION_LEVEL = "-Onone";
			};
			name = Debug;
		};
		AF8FD0AA27F1CE8A00E094EA /* Release */ = {
			isa = XCBuildConfiguration;
			buildSettings = {
				ALWAYS_SEARCH_USER_PATHS = NO;
				CLANG_ANALYZER_NONNULL = YES;
				CLANG_ANALYZER_NUMBER_OBJECT_CONVERSION = YES_AGGRESSIVE;
				CLANG_CXX_LANGUAGE_STANDARD = "gnu++17";
				CLANG_CXX_LIBRARY = "libc++";
				CLANG_ENABLE_MODULES = YES;
				CLANG_ENABLE_OBJC_ARC = YES;
				CLANG_ENABLE_OBJC_WEAK = YES;
				CLANG_WARN_BLOCK_CAPTURE_AUTORELEASING = YES;
				CLANG_WARN_BOOL_CONVERSION = YES;
				CLANG_WARN_COMMA = YES;
				CLANG_WARN_CONSTANT_CONVERSION = YES;
				CLANG_WARN_DEPRECATED_OBJC_IMPLEMENTATIONS = YES;
				CLANG_WARN_DIRECT_OBJC_ISA_USAGE = YES_ERROR;
				CLANG_WARN_DOCUMENTATION_COMMENTS = YES;
				CLANG_WARN_EMPTY_BODY = YES;
				CLANG_WARN_ENUM_CONVERSION = YES;
				CLANG_WARN_INFINITE_RECURSION = YES;
				CLANG_WARN_INT_CONVERSION = YES;
				CLANG_WARN_NON_LITERAL_NULL_CONVERSION = YES;
				CLANG_WARN_OBJC_IMPLICIT_RETAIN_SELF = YES;
				CLANG_WARN_OBJC_LITERAL_CONVERSION = YES;
				CLANG_WARN_OBJC_ROOT_CLASS = YES_ERROR;
				CLANG_WARN_QUOTED_INCLUDE_IN_FRAMEWORK_HEADER = YES;
				CLANG_WARN_RANGE_LOOP_ANALYSIS = YES;
				CLANG_WARN_STRICT_PROTOTYPES = YES;
				CLANG_WARN_SUSPICIOUS_MOVE = YES;
				CLANG_WARN_UNGUARDED_AVAILABILITY = YES_AGGRESSIVE;
				CLANG_WARN_UNREACHABLE_CODE = YES;
				CLANG_WARN__DUPLICATE_METHOD_MATCH = YES;
				COPY_PHASE_STRIP = NO;
				DEBUG_INFORMATION_FORMAT = "dwarf-with-dsym";
				ENABLE_NS_ASSERTIONS = NO;
				ENABLE_STRICT_OBJC_MSGSEND = YES;
				GCC_C_LANGUAGE_STANDARD = gnu11;
				GCC_NO_COMMON_BLOCKS = YES;
				GCC_WARN_64_TO_32_BIT_CONVERSION = YES;
				GCC_WARN_ABOUT_RETURN_TYPE = YES_ERROR;
				GCC_WARN_UNDECLARED_SELECTOR = YES;
				GCC_WARN_UNINITIALIZED_AUTOS = YES_AGGRESSIVE;
				GCC_WARN_UNUSED_FUNCTION = YES;
				GCC_WARN_UNUSED_VARIABLE = YES;
				IPHONEOS_DEPLOYMENT_TARGET = 15.0;
				MTL_ENABLE_DEBUG_INFO = NO;
				MTL_FAST_MATH = YES;
				SDKROOT = iphoneos;
				SWIFT_COMPILATION_MODE = wholemodule;
				SWIFT_OPTIMIZATION_LEVEL = "-O";
				VALIDATE_PRODUCT = YES;
			};
			name = Release;
		};
		AF8FD0AC27F1CE8A00E094EA /* Debug */ = {
			isa = XCBuildConfiguration;
			baseConfigurationReference = EF759B34FF91E8475346E0E9 /* Pods-Todoey.debug.xcconfig */;
			buildSettings = {
				ASSETCATALOG_COMPILER_APPICON_NAME = AppIcon;
				ASSETCATALOG_COMPILER_GLOBAL_ACCENT_COLOR_NAME = AccentColor;
				CODE_SIGN_STYLE = Automatic;
				CURRENT_PROJECT_VERSION = 1;
				DEVELOPMENT_TEAM = M7593XP8TX;
				GENERATE_INFOPLIST_FILE = YES;
				INFOPLIST_FILE = Todoey/Info.plist;
				INFOPLIST_KEY_UIApplicationSupportsIndirectInputEvents = YES;
				INFOPLIST_KEY_UILaunchStoryboardName = LaunchScreen;
				INFOPLIST_KEY_UIMainStoryboardFile = Main;
				INFOPLIST_KEY_UISupportedInterfaceOrientations = UIInterfaceOrientationPortrait;
				INFOPLIST_KEY_UISupportedInterfaceOrientations_iPad = "UIInterfaceOrientationPortrait UIInterfaceOrientationPortraitUpsideDown UIInterfaceOrientationLandscapeLeft UIInterfaceOrientationLandscapeRight";
				INFOPLIST_KEY_UISupportedInterfaceOrientations_iPhone = "UIInterfaceOrientationPortrait UIInterfaceOrientationLandscapeLeft UIInterfaceOrientationLandscapeRight";
				IPHONEOS_DEPLOYMENT_TARGET = 13.0;
				LD_RUNPATH_SEARCH_PATHS = (
					"$(inherited)",
					"@executable_path/Frameworks",
				);
				MARKETING_VERSION = 1.0;
				PRODUCT_BUNDLE_IDENTIFIER = com.Kristen.Todoey;
				PRODUCT_NAME = "$(TARGET_NAME)";
				SWIFT_EMIT_LOC_STRINGS = YES;
				SWIFT_VERSION = 5.0;
				TARGETED_DEVICE_FAMILY = "1,2";
			};
			name = Debug;
		};
		AF8FD0AD27F1CE8A00E094EA /* Release */ = {
			isa = XCBuildConfiguration;
			baseConfigurationReference = 2A379542A8E3F36E05C43332 /* Pods-Todoey.release.xcconfig */;
			buildSettings = {
				ASSETCATALOG_COMPILER_APPICON_NAME = AppIcon;
				ASSETCATALOG_COMPILER_GLOBAL_ACCENT_COLOR_NAME = AccentColor;
				CODE_SIGN_STYLE = Automatic;
				CURRENT_PROJECT_VERSION = 1;
				DEVELOPMENT_TEAM = M7593XP8TX;
				GENERATE_INFOPLIST_FILE = YES;
				INFOPLIST_FILE = Todoey/Info.plist;
				INFOPLIST_KEY_UIApplicationSupportsIndirectInputEvents = YES;
				INFOPLIST_KEY_UILaunchStoryboardName = LaunchScreen;
				INFOPLIST_KEY_UIMainStoryboardFile = Main;
				INFOPLIST_KEY_UISupportedInterfaceOrientations = UIInterfaceOrientationPortrait;
				INFOPLIST_KEY_UISupportedInterfaceOrientations_iPad = "UIInterfaceOrientationPortrait UIInterfaceOrientationPortraitUpsideDown UIInterfaceOrientationLandscapeLeft UIInterfaceOrientationLandscapeRight";
				INFOPLIST_KEY_UISupportedInterfaceOrientations_iPhone = "UIInterfaceOrientationPortrait UIInterfaceOrientationLandscapeLeft UIInterfaceOrientationLandscapeRight";
				IPHONEOS_DEPLOYMENT_TARGET = 13.0;
				LD_RUNPATH_SEARCH_PATHS = (
					"$(inherited)",
					"@executable_path/Frameworks",
				);
				MARKETING_VERSION = 1.0;
				PRODUCT_BUNDLE_IDENTIFIER = com.Kristen.Todoey;
				PRODUCT_NAME = "$(TARGET_NAME)";
				SWIFT_EMIT_LOC_STRINGS = YES;
				SWIFT_VERSION = 5.0;
				TARGETED_DEVICE_FAMILY = "1,2";
			};
			name = Release;
		};
/* End XCBuildConfiguration section */

/* Begin XCConfigurationList section */
		AF8FD09227F1CE8900E094EA /* Build configuration list for PBXProject "Todoey" */ = {
			isa = XCConfigurationList;
			buildConfigurations = (
				AF8FD0A927F1CE8A00E094EA /* Debug */,
				AF8FD0AA27F1CE8A00E094EA /* Release */,
			);
			defaultConfigurationIsVisible = 0;
			defaultConfigurationName = Release;
		};
		AF8FD0AB27F1CE8A00E094EA /* Build configuration list for PBXNativeTarget "Todoey" */ = {
			isa = XCConfigurationList;
			buildConfigurations = (
				AF8FD0AC27F1CE8A00E094EA /* Debug */,
				AF8FD0AD27F1CE8A00E094EA /* Release */,
			);
			defaultConfigurationIsVisible = 0;
			defaultConfigurationName = Release;
		};
/* End XCConfigurationList section */
	};
	rootObject = AF8FD08F27F1CE8900E094EA /* Project object */;
}
